
Microsoft Visual Studio Solution File, Format Version 12.00
# Visual Studio Version 16
VisualStudioVersion = 16.0.29814.53
MinimumVisualStudioVersion = 10.0.40219.1
Project("{FAE04EC0-301F-11D3-BF4B-00C04F79EFBC}") = "DesignPatterns", "AbstractFactory\DesignPatterns.csproj", "{709E1ACD-D958-4A1F-BC22-61E5C922874E}"
EndProject
Project("{2150E333-8FDC-42A3-9474-1A3956D46DE8}") = "Solution Items", "Solution Items", "{18CA04AD-7FFA-4D94-A6B8-DA9FBEF872CD}"
EndProject
Global
	GlobalSection(SolutionConfigurationPlatforms) = preSolution
		Debug|Any CPU = Debug|Any CPU
		Release|Any CPU = Release|Any CPU
	EndGlobalSection
	GlobalSection(ProjectConfigurationPlatforms) = postSolution
		{709E1ACD-D958-4A1F-BC22-61E5C922874E}.Debug|Any CPU.ActiveCfg = Debug|Any CPU
		{709E1ACD-D958-4A1F-BC22-61E5C922874E}.Debug|Any CPU.Build.0 = Debug|Any CPU
		{709E1ACD-D958-4A1F-BC22-61E5C922874E}.Release|Any CPU.ActiveCfg = Release|Any CPU
		{709E1ACD-D958-4A1F-BC22-61E5C922874E}.Release|Any CPU.Build.0 = Release|Any CPU
	EndGlobalSection
	GlobalSection(SolutionProperties) = preSolution
		HideSolutionNode = FALSE
	EndGlobalSection
	GlobalSection(ExtensibilityGlobals) = postSolution
		SolutionGuid = {B77F0C75-D520-4B85-A86B-9F969A199A10}
	EndGlobalSection
EndGlobal
